
Microsoft Visual Studio Solution File, Format Version 12.00
# Visual Studio Version 16
VisualStudioVersion = 16.0.30204.135
MinimumVisualStudioVersion = 10.0.40219.1
Project("{9A19103F-16F7-4668-BE54-9A1E7A4F7556}") = "MvcPost", "MvcPost.csproj", "{D1DE5D6A-956C-481E-AA1B-31295AEF4A44}"
EndProject
Project("{FAE04EC0-301F-11D3-BF4B-00C04F79EFBC}") = "MvcPostLib", "..\MvcPostLib\MvcPostLib.csproj", "{3034EEDE-A281-4AE7-81B4-6AC8FFEC7DDB}"
EndProject
Global
	GlobalSection(SolutionConfigurationPlatforms) = preSolution
		Debug|Any CPU = Debug|Any CPU
		Release|Any CPU = Release|Any CPU
	EndGlobalSection
	GlobalSection(ProjectConfigurationPlatforms) = postSolution
		{D1DE5D6A-956C-481E-AA1B-31295AEF4A44}.Debug|Any CPU.ActiveCfg = Debug|Any CPU
		{D1DE5D6A-956C-481E-AA1B-31295AEF4A44}.Debug|Any CPU.Build.0 = Debug|Any CPU
		{D1DE5D6A-956C-481E-AA1B-31295AEF4A44}.Release|Any CPU.ActiveCfg = Release|Any CPU
		{D1DE5D6A-956C-481E-AA1B-31295AEF4A44}.Release|Any CPU.Build.0 = Release|Any CPU
		{3034EEDE-A281-4AE7-81B4-6AC8FFEC7DDB}.Debug|Any CPU.ActiveCfg = Debug|Any CPU
		{3034EEDE-A281-4AE7-81B4-6AC8FFEC7DDB}.Debug|Any CPU.Build.0 = Debug|Any CPU
		{3034EEDE-A281-4AE7-81B4-6AC8FFEC7DDB}.Release|Any CPU.ActiveCfg = Release|Any CPU
		{3034EEDE-A281-4AE7-81B4-6AC8FFEC7DDB}.Release|Any CPU.Build.0 = Release|Any CPU
	EndGlobalSection
	GlobalSection(SolutionProperties) = preSolution
		HideSolutionNode = FALSE
	EndGlobalSection
	GlobalSection(ExtensibilityGlobals) = postSolution
		SolutionGuid = {D7878FFB-A6CB-4D79-A62C-C3F922883AA9}
	EndGlobalSection
EndGlobal
