
Microsoft Visual Studio Solution File, Format Version 12.00
# Visual Studio Version 16
VisualStudioVersion = 16.0.30204.135
MinimumVisualStudioVersion = 10.0.40219.1
Project("{9A19103F-16F7-4668-BE54-9A1E7A4F7556}") = "MvcBlogs", "..\MvcBlogs\MvcBlogs.csproj", "{2EE5AA6E-D16D-4886-94A8-DD8099606715}"
	ProjectSection(ProjectDependencies) = postProject
		{277D26D0-E8D5-4593-B46A-4E5388071AB7} = {277D26D0-E8D5-4593-B46A-4E5388071AB7}
	EndProjectSection
EndProject
Project("{9A19103F-16F7-4668-BE54-9A1E7A4F7556}") = "BlogsLib", "..\BlogsLib\BlogsLib.csproj", "{277D26D0-E8D5-4593-B46A-4E5388071AB7}"
EndProject
Project("{9A19103F-16F7-4668-BE54-9A1E7A4F7556}") = "Blogs", "Blogs.csproj", "{79F645ED-DE6D-4AA3-B9CF-BADC55DA32FF}"
EndProject
Project("{FAE04EC0-301F-11D3-BF4B-00C04F79EFBC}") = "BlogsLibTests", "..\BlogsLibTests\BlogsLibTests.csproj", "{B64C9803-487E-4251-A5FA-C83E3C6CC1D9}"
EndProject
Global
	GlobalSection(SolutionConfigurationPlatforms) = preSolution
		Debug|Any CPU = Debug|Any CPU
		Release|Any CPU = Release|Any CPU
	EndGlobalSection
	GlobalSection(ProjectConfigurationPlatforms) = postSolution
		{2EE5AA6E-D16D-4886-94A8-DD8099606715}.Debug|Any CPU.ActiveCfg = Debug|Any CPU
		{2EE5AA6E-D16D-4886-94A8-DD8099606715}.Debug|Any CPU.Build.0 = Debug|Any CPU
		{2EE5AA6E-D16D-4886-94A8-DD8099606715}.Release|Any CPU.ActiveCfg = Release|Any CPU
		{2EE5AA6E-D16D-4886-94A8-DD8099606715}.Release|Any CPU.Build.0 = Release|Any CPU
		{277D26D0-E8D5-4593-B46A-4E5388071AB7}.Debug|Any CPU.ActiveCfg = Debug|Any CPU
		{277D26D0-E8D5-4593-B46A-4E5388071AB7}.Debug|Any CPU.Build.0 = Debug|Any CPU
		{277D26D0-E8D5-4593-B46A-4E5388071AB7}.Release|Any CPU.ActiveCfg = Release|Any CPU
		{277D26D0-E8D5-4593-B46A-4E5388071AB7}.Release|Any CPU.Build.0 = Release|Any CPU
		{79F645ED-DE6D-4AA3-B9CF-BADC55DA32FF}.Debug|Any CPU.ActiveCfg = Debug|Any CPU
		{79F645ED-DE6D-4AA3-B9CF-BADC55DA32FF}.Debug|Any CPU.Build.0 = Debug|Any CPU
		{79F645ED-DE6D-4AA3-B9CF-BADC55DA32FF}.Release|Any CPU.ActiveCfg = Release|Any CPU
		{79F645ED-DE6D-4AA3-B9CF-BADC55DA32FF}.Release|Any CPU.Build.0 = Release|Any CPU
		{B64C9803-487E-4251-A5FA-C83E3C6CC1D9}.Debug|Any CPU.ActiveCfg = Debug|Any CPU
		{B64C9803-487E-4251-A5FA-C83E3C6CC1D9}.Debug|Any CPU.Build.0 = Debug|Any CPU
		{B64C9803-487E-4251-A5FA-C83E3C6CC1D9}.Release|Any CPU.ActiveCfg = Release|Any CPU
		{B64C9803-487E-4251-A5FA-C83E3C6CC1D9}.Release|Any CPU.Build.0 = Release|Any CPU
	EndGlobalSection
	GlobalSection(SolutionProperties) = preSolution
		HideSolutionNode = FALSE
	EndGlobalSection
	GlobalSection(ExtensibilityGlobals) = postSolution
		SolutionGuid = {BC4007AE-FF46-4158-AD56-77C48B83F539}
	EndGlobalSection
EndGlobal
