
Microsoft Visual Studio Solution File, Format Version 12.00
# Visual Studio Version 16
VisualStudioVersion = 16.0.30204.135
MinimumVisualStudioVersion = 10.0.40219.1
Project("{9A19103F-16F7-4668-BE54-9A1E7A4F7556}") = "Blogs", "Blogs.csproj", "{A63D9C5F-A0D2-4735-8FC4-765EF2F6D444}"
EndProject
Project("{FAE04EC0-301F-11D3-BF4B-00C04F79EFBC}") = "BlogsTests", "..\BlogsTests\BlogsTests.csproj", "{32DBEB4E-5412-4A5B-AF15-D5F9E6D9BFB8}"
EndProject
Global
	GlobalSection(SolutionConfigurationPlatforms) = preSolution
		Debug|Any CPU = Debug|Any CPU
		Release|Any CPU = Release|Any CPU
	EndGlobalSection
	GlobalSection(ProjectConfigurationPlatforms) = postSolution
		{A63D9C5F-A0D2-4735-8FC4-765EF2F6D444}.Debug|Any CPU.ActiveCfg = Debug|Any CPU
		{A63D9C5F-A0D2-4735-8FC4-765EF2F6D444}.Debug|Any CPU.Build.0 = Debug|Any CPU
		{A63D9C5F-A0D2-4735-8FC4-765EF2F6D444}.Release|Any CPU.ActiveCfg = Release|Any CPU
		{A63D9C5F-A0D2-4735-8FC4-765EF2F6D444}.Release|Any CPU.Build.0 = Release|Any CPU
		{32DBEB4E-5412-4A5B-AF15-D5F9E6D9BFB8}.Debug|Any CPU.ActiveCfg = Debug|Any CPU
		{32DBEB4E-5412-4A5B-AF15-D5F9E6D9BFB8}.Debug|Any CPU.Build.0 = Debug|Any CPU
		{32DBEB4E-5412-4A5B-AF15-D5F9E6D9BFB8}.Release|Any CPU.ActiveCfg = Release|Any CPU
		{32DBEB4E-5412-4A5B-AF15-D5F9E6D9BFB8}.Release|Any CPU.Build.0 = Release|Any CPU
	EndGlobalSection
	GlobalSection(SolutionProperties) = preSolution
		HideSolutionNode = FALSE
	EndGlobalSection
	GlobalSection(ExtensibilityGlobals) = postSolution
		SolutionGuid = {BC4007AE-FF46-4158-AD56-77C48B83F539}
	EndGlobalSection
EndGlobal
